
Microsoft Visual Studio Solution File, Format Version 12.00
# Visual Studio Version 16
VisualStudioVersion = 16.0.30128.74
MinimumVisualStudioVersion = 10.0.40219.1
Project("{FAE04EC0-301F-11D3-BF4B-00C04F79EFBC}") = "cheat detection osu", "cheat detection osu\cheat detection osu.csproj", "{53692D9C-36E7-4F09-B0A7-D117392BDEA2}"
EndProject
Global
	GlobalSection(SolutionConfigurationPlatforms) = preSolution
		Debug|Any CPU = Debug|Any CPU
		Release|Any CPU = Release|Any CPU
	EndGlobalSection
	GlobalSection(ProjectConfigurationPlatforms) = postSolution
		{53692D9C-36E7-4F09-B0A7-D117392BDEA2}.Debug|Any CPU.ActiveCfg = Debug|Any CPU
		{53692D9C-36E7-4F09-B0A7-D117392BDEA2}.Debug|Any CPU.Build.0 = Debug|Any CPU
		{53692D9C-36E7-4F09-B0A7-D117392BDEA2}.Release|Any CPU.ActiveCfg = Release|Any CPU
		{53692D9C-36E7-4F09-B0A7-D117392BDEA2}.Release|Any CPU.Build.0 = Release|Any CPU
	EndGlobalSection
	GlobalSection(SolutionProperties) = preSolution
		HideSolutionNode = FALSE
	EndGlobalSection
	GlobalSection(ExtensibilityGlobals) = postSolution
		SolutionGuid = {A08F3BC0-BD28-4A4D-9395-169198E4FA43}
	EndGlobalSection
EndGlobal
